
Microsoft Visual Studio Solution File, Format Version 12.00
# Visual Studio Version 16
VisualStudioVersion = 16.0.31515.178
MinimumVisualStudioVersion = 10.0.40219.1
Project("{FAE04EC0-301F-11D3-BF4B-00C04F79EFBC}") = "ATM Portal", "ATM Portal\ATM Portal.csproj", "{62817AE3-60C3-44AB-B3AC-84B408DE8EC7}"
EndProject
Global
	GlobalSection(SolutionConfigurationPlatforms) = preSolution
		Debug|Any CPU = Debug|Any CPU
		Release|Any CPU = Release|Any CPU
	EndGlobalSection
	GlobalSection(ProjectConfigurationPlatforms) = postSolution
		{62817AE3-60C3-44AB-B3AC-84B408DE8EC7}.Debug|Any CPU.ActiveCfg = Debug|Any CPU
		{62817AE3-60C3-44AB-B3AC-84B408DE8EC7}.Debug|Any CPU.Build.0 = Debug|Any CPU
		{62817AE3-60C3-44AB-B3AC-84B408DE8EC7}.Release|Any CPU.ActiveCfg = Release|Any CPU
		{62817AE3-60C3-44AB-B3AC-84B408DE8EC7}.Release|Any CPU.Build.0 = Release|Any CPU
	EndGlobalSection
	GlobalSection(SolutionProperties) = preSolution
		HideSolutionNode = FALSE
	EndGlobalSection
	GlobalSection(ExtensibilityGlobals) = postSolution
		SolutionGuid = {60205E8E-3416-46FB-AE01-C2EF436B65F3}
	EndGlobalSection
EndGlobal
